
Microsoft Visual Studio Solution File, Format Version 12.00
# Visual Studio Version 16
VisualStudioVersion = 25.0.1700.0
MinimumVisualStudioVersion = 10.0.40219.1
Project("{FAE04EC0-301F-11D3-BF4B-00C04F79EFBC}") = "Variables", "Variables\Variables.csproj", "{32072755-1D5C-44EC-8C16-F6B68DB84028}"
EndProject
Global
	GlobalSection(SolutionConfigurationPlatforms) = preSolution
		Debug|Any CPU = Debug|Any CPU
		Release|Any CPU = Release|Any CPU
	EndGlobalSection
	GlobalSection(ProjectConfigurationPlatforms) = postSolution
		{32072755-1D5C-44EC-8C16-F6B68DB84028}.Debug|Any CPU.ActiveCfg = Debug|Any CPU
		{32072755-1D5C-44EC-8C16-F6B68DB84028}.Debug|Any CPU.Build.0 = Debug|Any CPU
		{32072755-1D5C-44EC-8C16-F6B68DB84028}.Release|Any CPU.ActiveCfg = Release|Any CPU
		{32072755-1D5C-44EC-8C16-F6B68DB84028}.Release|Any CPU.Build.0 = Release|Any CPU
	EndGlobalSection
	GlobalSection(SolutionProperties) = preSolution
		HideSolutionNode = FALSE
	EndGlobalSection
	GlobalSection(ExtensibilityGlobals) = postSolution
		SolutionGuid = {3AAB79B7-5D97-4F0B-9502-DA19F12104E1}
	EndGlobalSection
EndGlobal
