
Microsoft Visual Studio Solution File, Format Version 12.00
# Visual Studio Version 16
VisualStudioVersion = 25.0.1700.0
MinimumVisualStudioVersion = 10.0.40219.1
Project("{FAE04EC0-301F-11D3-BF4B-00C04F79EFBC}") = "ScrapeLibrary", "ScrapeLibrary\ScrapeLibrary.csproj", "{18916026-6DB9-49AC-A3C5-FD4A0B38D7E5}"
EndProject
Global
	GlobalSection(SolutionConfigurationPlatforms) = preSolution
		Debug|Any CPU = Debug|Any CPU
		Release|Any CPU = Release|Any CPU
	EndGlobalSection
	GlobalSection(ProjectConfigurationPlatforms) = postSolution
		{18916026-6DB9-49AC-A3C5-FD4A0B38D7E5}.Debug|Any CPU.ActiveCfg = Debug|Any CPU
		{18916026-6DB9-49AC-A3C5-FD4A0B38D7E5}.Debug|Any CPU.Build.0 = Debug|Any CPU
		{18916026-6DB9-49AC-A3C5-FD4A0B38D7E5}.Release|Any CPU.ActiveCfg = Release|Any CPU
		{18916026-6DB9-49AC-A3C5-FD4A0B38D7E5}.Release|Any CPU.Build.0 = Release|Any CPU
	EndGlobalSection
	GlobalSection(SolutionProperties) = preSolution
		HideSolutionNode = FALSE
	EndGlobalSection
	GlobalSection(ExtensibilityGlobals) = postSolution
		SolutionGuid = {C5549222-56F0-4B38-AB75-E6860AF1A756}
	EndGlobalSection
EndGlobal
