
Microsoft Visual Studio Solution File, Format Version 12.00
# Visual Studio Version 16
VisualStudioVersion = 25.0.1700.0
MinimumVisualStudioVersion = 10.0.40219.1
Project("{FAE04EC0-301F-11D3-BF4B-00C04F79EFBC}") = "24_TimerExample", "24_TimerExample\24_TimerExample.csproj", "{CDB382C5-B4FD-4E88-AD9D-1B25705137F8}"
EndProject
Global
	GlobalSection(SolutionConfigurationPlatforms) = preSolution
		Debug|Any CPU = Debug|Any CPU
		Release|Any CPU = Release|Any CPU
	EndGlobalSection
	GlobalSection(ProjectConfigurationPlatforms) = postSolution
		{CDB382C5-B4FD-4E88-AD9D-1B25705137F8}.Debug|Any CPU.ActiveCfg = Debug|Any CPU
		{CDB382C5-B4FD-4E88-AD9D-1B25705137F8}.Debug|Any CPU.Build.0 = Debug|Any CPU
		{CDB382C5-B4FD-4E88-AD9D-1B25705137F8}.Release|Any CPU.ActiveCfg = Release|Any CPU
		{CDB382C5-B4FD-4E88-AD9D-1B25705137F8}.Release|Any CPU.Build.0 = Release|Any CPU
	EndGlobalSection
	GlobalSection(SolutionProperties) = preSolution
		HideSolutionNode = FALSE
	EndGlobalSection
	GlobalSection(ExtensibilityGlobals) = postSolution
		SolutionGuid = {7674C743-83C8-4439-916E-82F2885F809A}
	EndGlobalSection
EndGlobal
