
Microsoft Visual Studio Solution File, Format Version 12.00
# Visual Studio Version 16
VisualStudioVersion = 25.0.1700.0
MinimumVisualStudioVersion = 10.0.40219.1
Project("{FAE04EC0-301F-11D3-BF4B-00C04F79EFBC}") = "DatesAndTimes", "DatesAndTimes.csproj", "{AED4EF14-ACAF-440F-908F-C0F92A66DBFA}"
EndProject
Global
	GlobalSection(SolutionConfigurationPlatforms) = preSolution
		Debug|Any CPU = Debug|Any CPU
		Release|Any CPU = Release|Any CPU
	EndGlobalSection
	GlobalSection(ProjectConfigurationPlatforms) = postSolution
		{AED4EF14-ACAF-440F-908F-C0F92A66DBFA}.Debug|Any CPU.ActiveCfg = Debug|Any CPU
		{AED4EF14-ACAF-440F-908F-C0F92A66DBFA}.Debug|Any CPU.Build.0 = Debug|Any CPU
		{AED4EF14-ACAF-440F-908F-C0F92A66DBFA}.Release|Any CPU.ActiveCfg = Release|Any CPU
		{AED4EF14-ACAF-440F-908F-C0F92A66DBFA}.Release|Any CPU.Build.0 = Release|Any CPU
	EndGlobalSection
	GlobalSection(SolutionProperties) = preSolution
		HideSolutionNode = FALSE
	EndGlobalSection
	GlobalSection(ExtensibilityGlobals) = postSolution
		SolutionGuid = {EE2124C4-7A57-4633-BE22-BC5F96EDFD6C}
	EndGlobalSection
EndGlobal
