
Microsoft Visual Studio Solution File, Format Version 12.00
# Visual Studio Version 16
VisualStudioVersion = 25.0.1700.0
MinimumVisualStudioVersion = 10.0.40219.1
Project("{FAE04EC0-301F-11D3-BF4B-00C04F79EFBC}") = "EnumsAndSwitch", "EnumsAndSwitch\EnumsAndSwitch.csproj", "{EB4DB799-445E-451C-A0B1-459772B2F8EB}"
EndProject
Global
	GlobalSection(SolutionConfigurationPlatforms) = preSolution
		Debug|Any CPU = Debug|Any CPU
		Release|Any CPU = Release|Any CPU
	EndGlobalSection
	GlobalSection(ProjectConfigurationPlatforms) = postSolution
		{EB4DB799-445E-451C-A0B1-459772B2F8EB}.Debug|Any CPU.ActiveCfg = Debug|Any CPU
		{EB4DB799-445E-451C-A0B1-459772B2F8EB}.Debug|Any CPU.Build.0 = Debug|Any CPU
		{EB4DB799-445E-451C-A0B1-459772B2F8EB}.Release|Any CPU.ActiveCfg = Release|Any CPU
		{EB4DB799-445E-451C-A0B1-459772B2F8EB}.Release|Any CPU.Build.0 = Release|Any CPU
	EndGlobalSection
	GlobalSection(SolutionProperties) = preSolution
		HideSolutionNode = FALSE
	EndGlobalSection
	GlobalSection(ExtensibilityGlobals) = postSolution
		SolutionGuid = {70D42376-1FE6-45A5-874C-8A93108BDF16}
	EndGlobalSection
EndGlobal
