
Microsoft Visual Studio Solution File, Format Version 12.00
# Visual Studio Version 16
VisualStudioVersion = 25.0.1700.0
MinimumVisualStudioVersion = 10.0.40219.1
Project("{FAE04EC0-301F-11D3-BF4B-00C04F79EFBC}") = "ScrapeLibrary", "ScrapeLibrary\ScrapeLibrary.csproj", "{F605C763-BAD9-4F31-A107-8258E6CB2A1E}"
EndProject
Project("{FAE04EC0-301F-11D3-BF4B-00C04F79EFBC}") = "ScrapeClient", "ScrapeClient\ScrapeClient.csproj", "{AC87A71D-F127-476F-8BA5-2EC73009C8B3}"
EndProject
Global
	GlobalSection(SolutionConfigurationPlatforms) = preSolution
		Debug|Any CPU = Debug|Any CPU
		Release|Any CPU = Release|Any CPU
	EndGlobalSection
	GlobalSection(ProjectConfigurationPlatforms) = postSolution
		{F605C763-BAD9-4F31-A107-8258E6CB2A1E}.Debug|Any CPU.ActiveCfg = Debug|Any CPU
		{F605C763-BAD9-4F31-A107-8258E6CB2A1E}.Debug|Any CPU.Build.0 = Debug|Any CPU
		{F605C763-BAD9-4F31-A107-8258E6CB2A1E}.Release|Any CPU.ActiveCfg = Release|Any CPU
		{F605C763-BAD9-4F31-A107-8258E6CB2A1E}.Release|Any CPU.Build.0 = Release|Any CPU
		{AC87A71D-F127-476F-8BA5-2EC73009C8B3}.Debug|Any CPU.ActiveCfg = Debug|Any CPU
		{AC87A71D-F127-476F-8BA5-2EC73009C8B3}.Debug|Any CPU.Build.0 = Debug|Any CPU
		{AC87A71D-F127-476F-8BA5-2EC73009C8B3}.Release|Any CPU.ActiveCfg = Release|Any CPU
		{AC87A71D-F127-476F-8BA5-2EC73009C8B3}.Release|Any CPU.Build.0 = Release|Any CPU
	EndGlobalSection
	GlobalSection(SolutionProperties) = preSolution
		HideSolutionNode = FALSE
	EndGlobalSection
	GlobalSection(ExtensibilityGlobals) = postSolution
		SolutionGuid = {A3C78A74-DEAB-4CD3-89BC-6CC3F39EB933}
	EndGlobalSection
EndGlobal
