
Microsoft Visual Studio Solution File, Format Version 12.00
# Visual Studio Version 16
VisualStudioVersion = 25.0.1700.0
MinimumVisualStudioVersion = 10.0.40219.1
Project("{FAE04EC0-301F-11D3-BF4B-00C04F79EFBC}") = "8_Branches", "8_Branches\8_Branches.csproj", "{12BD52D7-1782-4B31-8651-E41615992A7A}"
EndProject
Global
	GlobalSection(SolutionConfigurationPlatforms) = preSolution
		Debug|Any CPU = Debug|Any CPU
		Release|Any CPU = Release|Any CPU
	EndGlobalSection
	GlobalSection(ProjectConfigurationPlatforms) = postSolution
		{12BD52D7-1782-4B31-8651-E41615992A7A}.Debug|Any CPU.ActiveCfg = Debug|Any CPU
		{12BD52D7-1782-4B31-8651-E41615992A7A}.Debug|Any CPU.Build.0 = Debug|Any CPU
		{12BD52D7-1782-4B31-8651-E41615992A7A}.Release|Any CPU.ActiveCfg = Release|Any CPU
		{12BD52D7-1782-4B31-8651-E41615992A7A}.Release|Any CPU.Build.0 = Release|Any CPU
	EndGlobalSection
	GlobalSection(SolutionProperties) = preSolution
		HideSolutionNode = FALSE
	EndGlobalSection
	GlobalSection(ExtensibilityGlobals) = postSolution
		SolutionGuid = {DF7DC1F8-F724-48F0-BDC6-0CD39F345F0C}
	EndGlobalSection
EndGlobal
